hash: b3c1e31fffb57cc25866059e59130f82b1feace0d821869cff8c7b5027730532
updated: 2017-09-24T00:00:20.527686147+09:00
imports:
- name: github.com/pddg/alfred-models
  version: c0134a4995497951c98842dfb772f7fb283070b4
- name: github.com/urfave/cli
  version: 7fb9c86b14e6a702a4157ccb5a863f07d844a207
testImports: []
